// !$*UTF8*$!
{
	archiveVersion = 1;
	classes = {
	};
	objectVersion = 77;
	objects = {

/* Begin PBXBuildFile section */
		B99C5C602D7B88E900DE4E86 /* BackgroundAnimation.swift in Sources */ = {isa = PBXBuildFile; fileRef = B99C5C5F2D7B88E900DE4E86 /* BackgroundAnimation.swift */; };
		B99C5C622D7B89BA00DE4E86 /* hex.swift in Sources */ = {isa = PBXBuildFile; fileRef = B99C5C612D7B89BA00DE4E86 /* hex.swift */; };
		B99EDB2C2D8137BC000EA72E /* Palette Generator.swift in Sources */ = {isa = PBXBuildFile; fileRef = B99EDB2B2D8137BC000EA72E /* Palette Generator.swift */; };
		B99EDB2F2D813820000EA72E /* ColorsKit in Frameworks */ = {isa = PBXBuildFile; productRef = B99EDB2E2D813820000EA72E /* ColorsKit */; };
		B99EDB312D813820000EA72E /* Swift-ColorExtensions in Frameworks */ = {isa = PBXBuildFile; productRef = B99EDB302D813820000EA72E /* Swift-ColorExtensions */; };
		B99EDB332D813820000EA72E /* Swift-ColorPalettes in Frameworks */ = {isa = PBXBuildFile; productRef = B99EDB322D813820000EA72E /* Swift-ColorPalettes */; };
		B99EDB362D813B55000EA72E /* BackgroundManager.swift in Sources */ = {isa = PBXBuildFile; fileRef = B99EDB352D813B55000EA72E /* BackgroundManager.swift */; };
		B99EDB392D82148A000EA72E /* WallpaperStudio.swift in Sources */ = {isa = PBXBuildFile; fileRef = B99EDB382D82148A000EA72E /* WallpaperStudio.swift */; };
		B9E3BBE52D3DC5AA0066CB51 /* Preview Assets.xcassets in Resources */ = {isa = PBXBuildFile; fileRef = B9E3BBDE2D3DC5AA0066CB51 /* Preview Assets.xcassets */; };
		B9E3BBE62D3DC5AA0066CB51 /* Assets.xcassets in Resources */ = {isa = PBXBuildFile; fileRef = B9E3BBE02D3DC5AA0066CB51 /* Assets.xcassets */; };
		B9E3BBE72D3DC5AA0066CB51 /* ContentView.swift in Sources */ = {isa = PBXBuildFile; fileRef = B9E3BBE12D3DC5AA0066CB51 /* ContentView.swift */; };
		B9E3BBE82D3DC5AA0066CB51 /* Wallpaper_ScenesApp.swift in Sources */ = {isa = PBXBuildFile; fileRef = B9E3BBE32D3DC5AA0066CB51 /* Wallpaper_ScenesApp.swift */; };
		B9E3BBEA2D3DC74D0066CB51 /* WallpaperManager.swift in Sources */ = {isa = PBXBuildFile; fileRef = B9E3BBE92D3DC74D0066CB51 /* WallpaperManager.swift */; };
		B9E3BBEC2D3DC8FD0066CB51 /* DisplayDetailView.swift in Sources */ = {isa = PBXBuildFile; fileRef = B9E3BBEB2D3DC8FD0066CB51 /* DisplayDetailView.swift */; };
		B9E3BBEE2D3DC90E0066CB51 /* SceneEditor.swift in Sources */ = {isa = PBXBuildFile; fileRef = B9E3BBED2D3DC90E0066CB51 /* SceneEditor.swift */; };
		B9E3BBF02D3DD7700066CB51 /* LibraryView.swift in Sources */ = {isa = PBXBuildFile; fileRef = B9E3BBEF2D3DD7700066CB51 /* LibraryView.swift */; };
		B9E3BBF22D3DD77E0066CB51 /* ImportSheet.swift in Sources */ = {isa = PBXBuildFile; fileRef = B9E3BBF12D3DD77E0066CB51 /* ImportSheet.swift */; };
		B9E3BBF42D3E36FC0066CB51 /* CreateSceneSheet.swift in Sources */ = {isa = PBXBuildFile; fileRef = B9E3BBF32D3E36FC0066CB51 /* CreateSceneSheet.swift */; };
/* End PBXBuildFile section */

/* Begin PBXFileReference section */
		B95896DB2D6921D400108FFC /* Wallpaper-Manager-Info.plist */ = {isa = PBXFileReference; lastKnownFileType = text.plist; path = "Wallpaper-Manager-Info.plist"; sourceTree = "<group>"; };
		B99C5C5F2D7B88E900DE4E86 /* BackgroundAnimation.swift */ = {isa = PBXFileReference; lastKnownFileType = sourcecode.swift; path = BackgroundAnimation.swift; sourceTree = "<group>"; };
		B99C5C612D7B89BA00DE4E86 /* hex.swift */ = {isa = PBXFileReference; lastKnownFileType = sourcecode.swift; path = hex.swift; sourceTree = "<group>"; };
		B99EDB2B2D8137BC000EA72E /* Palette Generator.swift */ = {isa = PBXFileReference; lastKnownFileType = sourcecode.swift; path = "Palette Generator.swift"; sourceTree = "<group>"; };
		B99EDB352D813B55000EA72E /* BackgroundManager.swift */ = {isa = PBXFileReference; lastKnownFileType = sourcecode.swift; path = BackgroundManager.swift; sourceTree = "<group>"; };
		B99EDB382D82148A000EA72E /* WallpaperStudio.swift */ = {isa = PBXFileReference; lastKnownFileType = sourcecode.swift; path = WallpaperStudio.swift; sourceTree = "<group>"; };
		B9E3BBCC2D3DC59F0066CB51 /* Wallpaper Manager.app */ = {isa = PBXFileReference; explicitFileType = wrapper.application; includeInIndex = 0; path = "Wallpaper Manager.app"; sourceTree = BUILT_PRODUCTS_DIR; };
		B9E3BBDE2D3DC5AA0066CB51 /* Preview Assets.xcassets */ = {isa = PBXFileReference; lastKnownFileType = folder.assetcatalog; path = "Preview Assets.xcassets"; sourceTree = "<group>"; };
		B9E3BBE02D3DC5AA0066CB51 /* Assets.xcassets */ = {isa = PBXFileReference; lastKnownFileType = folder.assetcatalog; path = Assets.xcassets; sourceTree = "<group>"; };
		B9E3BBE12D3DC5AA0066CB51 /* ContentView.swift */ = {isa = PBXFileReference; lastKnownFileType = sourcecode.swift; path = ContentView.swift; sourceTree = "<group>"; };
		B9E3BBE22D3DC5AA0066CB51 /* Wallpaper_Scenes.entitlements */ = {isa = PBXFileReference; lastKnownFileType = text.plist.entitlements; path = Wallpaper_Scenes.entitlements; sourceTree = "<group>"; };
		B9E3BBE32D3DC5AA0066CB51 /* Wallpaper_ScenesApp.swift */ = {isa = PBXFileReference; lastKnownFileType = sourcecode.swift; path = Wallpaper_ScenesApp.swift; sourceTree = "<group>"; };
		B9E3BBE92D3DC74D0066CB51 /* WallpaperManager.swift */ = {isa = PBXFileReference; lastKnownFileType = sourcecode.swift; path = WallpaperManager.swift; sourceTree = "<group>"; };
		B9E3BBEB2D3DC8FD0066CB51 /* DisplayDetailView.swift */ = {isa = PBXFileReference; lastKnownFileType = sourcecode.swift; path = DisplayDetailView.swift; sourceTree = "<group>"; };
		B9E3BBED2D3DC90E0066CB51 /* SceneEditor.swift */ = {isa = PBXFileReference; lastKnownFileType = sourcecode.swift; path = SceneEditor.swift; sourceTree = "<group>"; };
		B9E3BBEF2D3DD7700066CB51 /* LibraryView.swift */ = {isa = PBXFileReference; lastKnownFileType = sourcecode.swift; path = LibraryView.swift; sourceTree = "<group>"; };
		B9E3BBF12D3DD77E0066CB51 /* ImportSheet.swift */ = {isa = PBXFileReference; lastKnownFileType = sourcecode.swift; path = ImportSheet.swift; sourceTree = "<group>"; };
		B9E3BBF32D3E36FC0066CB51 /* CreateSceneSheet.swift */ = {isa = PBXFileReference; lastKnownFileType = sourcecode.swift; path = CreateSceneSheet.swift; sourceTree = "<group>"; };
/* End PBXFileReference section */

/* Begin PBXFrameworksBuildPhase section */
		B9E3BBC92D3DC59F0066CB51 /* Frameworks */ = {
			isa = PBXFrameworksBuildPhase;
			buildActionMask = 2147483647;
			files = (
				B99EDB332D813820000EA72E /* Swift-ColorPalettes in Frameworks */,
				B99EDB312D813820000EA72E /* Swift-ColorExtensions in Frameworks */,
				B99EDB2F2D813820000EA72E /* ColorsKit in Frameworks */,
			);
			runOnlyForDeploymentPostprocessing = 0;
		};
/* End PBXFrameworksBuildPhase section */

/* Begin PBXGroup section */
		B99EDB342D813B49000EA72E /* BackgroundManager */ = {
			isa = PBXGroup;
			children = (
				B99EDB352D813B55000EA72E /* BackgroundManager.swift */,
				B99C5C5F2D7B88E900DE4E86 /* BackgroundAnimation.swift */,
				B99EDB2B2D8137BC000EA72E /* Palette Generator.swift */,
			);
			path = BackgroundManager;
			sourceTree = "<group>";
		};
		B99EDB372D821477000EA72E /* Studio */ = {
			isa = PBXGroup;
			children = (
				B99EDB382D82148A000EA72E /* WallpaperStudio.swift */,
			);
			path = Studio;
			sourceTree = "<group>";
		};
		B9E3BBC32D3DC59F0066CB51 = {
			isa = PBXGroup;
			children = (
				B95896DB2D6921D400108FFC /* Wallpaper-Manager-Info.plist */,
				B9E3BBE42D3DC5AA0066CB51 /* Wallpaper Scenes */,
				B9E3BBCD2D3DC59F0066CB51 /* Products */,
			);
			sourceTree = "<group>";
		};
		B9E3BBCD2D3DC59F0066CB51 /* Products */ = {
			isa = PBXGroup;
			children = (
				B9E3BBCC2D3DC59F0066CB51 /* Wallpaper Manager.app */,
			);
			name = Products;
			sourceTree = "<group>";
		};
		B9E3BBDF2D3DC5AA0066CB51 /* Preview Content */ = {
			isa = PBXGroup;
			children = (
				B9E3BBDE2D3DC5AA0066CB51 /* Preview Assets.xcassets */,
			);
			path = "Preview Content";
			sourceTree = "<group>";
		};
		B9E3BBE42D3DC5AA0066CB51 /* Wallpaper Scenes */ = {
			isa = PBXGroup;
			children = (
				B9E3BBE22D3DC5AA0066CB51 /* Wallpaper_Scenes.entitlements */,
				B9E3BBE32D3DC5AA0066CB51 /* Wallpaper_ScenesApp.swift */,
				B9E3BBE92D3DC74D0066CB51 /* WallpaperManager.swift */,
				B9E3BBEF2D3DD7700066CB51 /* LibraryView.swift */,
				B9E3BBF32D3E36FC0066CB51 /* CreateSceneSheet.swift */,
				B9E3BBF12D3DD77E0066CB51 /* ImportSheet.swift */,
				B9E3BBE12D3DC5AA0066CB51 /* ContentView.swift */,
				B99EDB372D821477000EA72E /* Studio */,
				B99EDB342D813B49000EA72E /* BackgroundManager */,
				B9E3BBEB2D3DC8FD0066CB51 /* DisplayDetailView.swift */,
				B9E3BBED2D3DC90E0066CB51 /* SceneEditor.swift */,
				B99C5C612D7B89BA00DE4E86 /* hex.swift */,
				B9E3BBE02D3DC5AA0066CB51 /* Assets.xcassets */,
				B9E3BBDF2D3DC5AA0066CB51 /* Preview Content */,
			);
			path = "Wallpaper Scenes";
			sourceTree = "<group>";
		};
/* End PBXGroup section */

/* Begin PBXNativeTarget section */
		B9E3BBCB2D3DC59F0066CB51 /* Wallpaper Manager */ = {
			isa = PBXNativeTarget;
			buildConfigurationList = B9E3BBDB2D3DC5A00066CB51 /* Build configuration list for PBXNativeTarget "Wallpaper Manager" */;
			buildPhases = (
				B9E3BBC82D3DC59F0066CB51 /* Sources */,
				B9E3BBC92D3DC59F0066CB51 /* Frameworks */,
				B9E3BBCA2D3DC59F0066CB51 /* Resources */,
			);
			buildRules = (
			);
			dependencies = (
			);
			name = "Wallpaper Manager";
			packageProductDependencies = (
				B99EDB2E2D813820000EA72E /* ColorsKit */,
				B99EDB302D813820000EA72E /* Swift-ColorExtensions */,
				B99EDB322D813820000EA72E /* Swift-ColorPalettes */,
			);
			productName = "Wallpaper Scenes";
			productReference = B9E3BBCC2D3DC59F0066CB51 /* Wallpaper Manager.app */;
			productType = "com.apple.product-type.application";
		};
/* End PBXNativeTarget section */

/* Begin PBXProject section */
		B9E3BBC42D3DC59F0066CB51 /* Project object */ = {
			isa = PBXProject;
			attributes = {
				BuildIndependentTargetsInParallel = 1;
				LastSwiftUpdateCheck = 1620;
				LastUpgradeCheck = 1620;
				TargetAttributes = {
					B9E3BBCB2D3DC59F0066CB51 = {
						CreatedOnToolsVersion = 16.2;
					};
				};
			};
			buildConfigurationList = B9E3BBC72D3DC59F0066CB51 /* Build configuration list for PBXProject "Wallpaper Manager" */;
			developmentRegion = en;
			hasScannedForEncodings = 0;
			knownRegions = (
				en,
				Base,
			);
			mainGroup = B9E3BBC32D3DC59F0066CB51;
			minimizedProjectReferenceProxies = 1;
			packageReferences = (
				B99EDB2D2D813820000EA72E /* XCRemoteSwiftPackageReference "Swift-ColorsKit" */,
			);
			preferredProjectObjectVersion = 77;
			productRefGroup = B9E3BBCD2D3DC59F0066CB51 /* Products */;
			projectDirPath = "";
			projectRoot = "";
			targets = (
				B9E3BBCB2D3DC59F0066CB51 /* Wallpaper Manager */,
			);
		};
/* End PBXProject section */

/* Begin PBXResourcesBuildPhase section */
		B9E3BBCA2D3DC59F0066CB51 /* Resources */ = {
			isa = PBXResourcesBuildPhase;
			buildActionMask = 2147483647;
			files = (
				B9E3BBE52D3DC5AA0066CB51 /* Preview Assets.xcassets in Resources */,
				B9E3BBE62D3DC5AA0066CB51 /* Assets.xcassets in Resources */,
			);
			runOnlyForDeploymentPostprocessing = 0;
		};
/* End PBXResourcesBuildPhase section */

/* Begin PBXSourcesBuildPhase section */
		B9E3BBC82D3DC59F0066CB51 /* Sources */ = {
			isa = PBXSourcesBuildPhase;
			buildActionMask = 2147483647;
			files = (
				B9E3BBE72D3DC5AA0066CB51 /* ContentView.swift in Sources */,
				B9E3BBEA2D3DC74D0066CB51 /* WallpaperManager.swift in Sources */,
				B99EDB392D82148A000EA72E /* WallpaperStudio.swift in Sources */,
				B9E3BBEC2D3DC8FD0066CB51 /* DisplayDetailView.swift in Sources */,
				B99C5C622D7B89BA00DE4E86 /* hex.swift in Sources */,
				B9E3BBEE2D3DC90E0066CB51 /* SceneEditor.swift in Sources */,
				B9E3BBF42D3E36FC0066CB51 /* CreateSceneSheet.swift in Sources */,
				B99C5C602D7B88E900DE4E86 /* BackgroundAnimation.swift in Sources */,
				B9E3BBF22D3DD77E0066CB51 /* ImportSheet.swift in Sources */,
				B9E3BBF02D3DD7700066CB51 /* LibraryView.swift in Sources */,
				B99EDB362D813B55000EA72E /* BackgroundManager.swift in Sources */,
				B99EDB2C2D8137BC000EA72E /* Palette Generator.swift in Sources */,
				B9E3BBE82D3DC5AA0066CB51 /* Wallpaper_ScenesApp.swift in Sources */,
			);
			runOnlyForDeploymentPostprocessing = 0;
		};
/* End PBXSourcesBuildPhase section */

/* Begin XCBuildConfiguration section */
		B9E3BBD92D3DC5A00066CB51 /* Debug */ = {
			isa = XCBuildConfiguration;
			buildSettings = {
				ALWAYS_SEARCH_USER_PATHS = NO;
				ASSETCATALOG_COMPILER_GENERATE_SWIFT_ASSET_SYMBOL_EXTENSIONS = YES;
				CLANG_ANALYZER_NONNULL = YES;
				CLANG_ANALYZER_NUMBER_OBJECT_CONVERSION = YES_AGGRESSIVE;
				CLANG_CXX_LANGUAGE_STANDARD = "gnu++20";
				CLANG_ENABLE_MODULES = YES;
				CLANG_ENABLE_OBJC_ARC = YES;
				CLANG_ENABLE_OBJC_WEAK = YES;
				CLANG_WARN_BLOCK_CAPTURE_AUTORELEASING = YES;
				CLANG_WARN_BOOL_CONVERSION = YES;
				CLANG_WARN_COMMA = YES;
				CLANG_WARN_CONSTANT_CONVERSION = YES;
				CLANG_WARN_DEPRECATED_OBJC_IMPLEMENTATIONS = YES;
				CLANG_WARN_DIRECT_OBJC_ISA_USAGE = YES_ERROR;
				CLANG_WARN_DOCUMENTATION_COMMENTS = YES;
				CLANG_WARN_EMPTY_BODY = YES;
				CLANG_WARN_ENUM_CONVERSION = YES;
				CLANG_WARN_INFINITE_RECURSION = YES;
				CLANG_WARN_INT_CONVERSION = YES;
				CLANG_WARN_NON_LITERAL_NULL_CONVERSION = YES;
				CLANG_WARN_OBJC_IMPLICIT_RETAIN_SELF = YES;
				CLANG_WARN_OBJC_LITERAL_CONVERSION = YES;
				CLANG_WARN_OBJC_ROOT_CLASS = YES_ERROR;
				CLANG_WARN_QUOTED_INCLUDE_IN_FRAMEWORK_HEADER = YES;
				CLANG_WARN_RANGE_LOOP_ANALYSIS = YES;
				CLANG_WARN_STRICT_PROTOTYPES = YES;
				CLANG_WARN_SUSPICIOUS_MOVE = YES;
				CLANG_WARN_UNGUARDED_AVAILABILITY = YES_AGGRESSIVE;
				CLANG_WARN_UNREACHABLE_CODE = YES;
				CLANG_WARN__DUPLICATE_METHOD_MATCH = YES;
				COPY_PHASE_STRIP = NO;
				DEBUG_INFORMATION_FORMAT = dwarf;
				ENABLE_STRICT_OBJC_MSGSEND = YES;
				ENABLE_TESTABILITY = YES;
				ENABLE_USER_SCRIPT_SANDBOXING = YES;
				GCC_C_LANGUAGE_STANDARD = gnu17;
				GCC_DYNAMIC_NO_PIC = NO;
				GCC_NO_COMMON_BLOCKS = YES;
				GCC_OPTIMIZATION_LEVEL = 0;
				GCC_PREPROCESSOR_DEFINITIONS = (
					"DEBUG=1",
					"$(inherited)",
				);
				GCC_WARN_64_TO_32_BIT_CONVERSION = YES;
				GCC_WARN_ABOUT_RETURN_TYPE = YES_ERROR;
				GCC_WARN_UNDECLARED_SELECTOR = YES;
				GCC_WARN_UNINITIALIZED_AUTOS = YES_AGGRESSIVE;
				GCC_WARN_UNUSED_FUNCTION = YES;
				GCC_WARN_UNUSED_VARIABLE = YES;
				LOCALIZATION_PREFERS_STRING_CATALOGS = YES;
				MACOSX_DEPLOYMENT_TARGET = 15.2;
				MTL_ENABLE_DEBUG_INFO = INCLUDE_SOURCE;
				MTL_FAST_MATH = YES;
				ONLY_ACTIVE_ARCH = YES;
				SDKROOT = macosx;
				SWIFT_ACTIVE_COMPILATION_CONDITIONS = "DEBUG $(inherited)";
				SWIFT_OPTIMIZATION_LEVEL = "-Onone";
			};
			name = Debug;
		};
		B9E3BBDA2D3DC5A00066CB51 /* Release */ = {
			isa = XCBuildConfiguration;
			buildSettings = {
				ALWAYS_SEARCH_USER_PATHS = NO;
				ASSETCATALOG_COMPILER_GENERATE_SWIFT_ASSET_SYMBOL_EXTENSIONS = YES;
				CLANG_ANALYZER_NONNULL = YES;
				CLANG_ANALYZER_NUMBER_OBJECT_CONVERSION = YES_AGGRESSIVE;
				CLANG_CXX_LANGUAGE_STANDARD = "gnu++20";
				CLANG_ENABLE_MODULES = YES;
				CLANG_ENABLE_OBJC_ARC = YES;
				CLANG_ENABLE_OBJC_WEAK = YES;
				CLANG_WARN_BLOCK_CAPTURE_AUTORELEASING = YES;
				CLANG_WARN_BOOL_CONVERSION = YES;
				CLANG_WARN_COMMA = YES;
				CLANG_WARN_CONSTANT_CONVERSION = YES;
				CLANG_WARN_DEPRECATED_OBJC_IMPLEMENTATIONS = YES;
				CLANG_WARN_DIRECT_OBJC_ISA_USAGE = YES_ERROR;
				CLANG_WARN_DOCUMENTATION_COMMENTS = YES;
				CLANG_WARN_EMPTY_BODY = YES;
				CLANG_WARN_ENUM_CONVERSION = YES;
				CLANG_WARN_INFINITE_RECURSION = YES;
				CLANG_WARN_INT_CONVERSION = YES;
				CLANG_WARN_NON_LITERAL_NULL_CONVERSION = YES;
				CLANG_WARN_OBJC_IMPLICIT_RETAIN_SELF = YES;
				CLANG_WARN_OBJC_LITERAL_CONVERSION = YES;
				CLANG_WARN_OBJC_ROOT_CLASS = YES_ERROR;
				CLANG_WARN_QUOTED_INCLUDE_IN_FRAMEWORK_HEADER = YES;
				CLANG_WARN_RANGE_LOOP_ANALYSIS = YES;
				CLANG_WARN_STRICT_PROTOTYPES = YES;
				CLANG_WARN_SUSPICIOUS_MOVE = YES;
				CLANG_WARN_UNGUARDED_AVAILABILITY = YES_AGGRESSIVE;
				CLANG_WARN_UNREACHABLE_CODE = YES;
				CLANG_WARN__DUPLICATE_METHOD_MATCH = YES;
				COPY_PHASE_STRIP = NO;
				DEBUG_INFORMATION_FORMAT = "dwarf-with-dsym";
				ENABLE_NS_ASSERTIONS = NO;
				ENABLE_STRICT_OBJC_MSGSEND = YES;
				ENABLE_USER_SCRIPT_SANDBOXING = YES;
				GCC_C_LANGUAGE_STANDARD = gnu17;
				GCC_NO_COMMON_BLOCKS = YES;
				GCC_WARN_64_TO_32_BIT_CONVERSION = YES;
				GCC_WARN_ABOUT_RETURN_TYPE = YES_ERROR;
				GCC_WARN_UNDECLARED_SELECTOR = YES;
				GCC_WARN_UNINITIALIZED_AUTOS = YES_AGGRESSIVE;
				GCC_WARN_UNUSED_FUNCTION = YES;
				GCC_WARN_UNUSED_VARIABLE = YES;
				LOCALIZATION_PREFERS_STRING_CATALOGS = YES;
				MACOSX_DEPLOYMENT_TARGET = 15.2;
				MTL_ENABLE_DEBUG_INFO = NO;
				MTL_FAST_MATH = YES;
				SDKROOT = macosx;
				SWIFT_COMPILATION_MODE = wholemodule;
			};
			name = Release;
		};
		B9E3BBDC2D3DC5A00066CB51 /* Debug */ = {
			isa = XCBuildConfiguration;
			buildSettings = {
				ASSETCATALOG_COMPILER_APPICON_NAME = AppIcon;
				ASSETCATALOG_COMPILER_GLOBAL_ACCENT_COLOR_NAME = AccentColor;
				CODE_SIGN_ENTITLEMENTS = "Wallpaper Scenes/Wallpaper_Scenes.entitlements";
				CODE_SIGN_STYLE = Automatic;
				COMBINE_HIDPI_IMAGES = YES;
				CURRENT_PROJECT_VERSION = 1;
				DEVELOPMENT_ASSET_PATHS = "\"Wallpaper Scenes/Preview Content\"";
				DEVELOPMENT_TEAM = 47J6H2LHDD;
				ENABLE_HARDENED_RUNTIME = YES;
				ENABLE_PREVIEWS = YES;
				GENERATE_INFOPLIST_FILE = YES;
				INFOPLIST_FILE = "Wallpaper-Manager-Info.plist";
				INFOPLIST_KEY_NSAppleEventsUsageDescription = "$(PRODUCT_NAME) needs to control System Events to set wallpapers.";
				INFOPLIST_KEY_NSHumanReadableCopyright = "";
				LD_RUNPATH_SEARCH_PATHS = (
					"$(inherited)",
					"@executable_path/../Frameworks",
				);
				MARKETING_VERSION = 1.0;
				PRODUCT_BUNDLE_IDENTIFIER = com.doorhingeapps.WallpaperManager;
				PRODUCT_NAME = "$(TARGET_NAME)";
				SWIFT_EMIT_LOC_STRINGS = YES;
				SWIFT_VERSION = 5.0;
			};
			name = Debug;
		};
		B9E3BBDD2D3DC5A00066CB51 /* Release */ = {
			isa = XCBuildConfiguration;
			buildSettings = {
				ASSETCATALOG_COMPILER_APPICON_NAME = AppIcon;
				ASSETCATALOG_COMPILER_GLOBAL_ACCENT_COLOR_NAME = AccentColor;
				CODE_SIGN_ENTITLEMENTS = "Wallpaper Scenes/Wallpaper_Scenes.entitlements";
				CODE_SIGN_STYLE = Automatic;
				COMBINE_HIDPI_IMAGES = YES;
				CURRENT_PROJECT_VERSION = 1;
				DEVELOPMENT_ASSET_PATHS = "\"Wallpaper Scenes/Preview Content\"";
				DEVELOPMENT_TEAM = 47J6H2LHDD;
				ENABLE_HARDENED_RUNTIME = YES;
				ENABLE_PREVIEWS = YES;
				GENERATE_INFOPLIST_FILE = YES;
				INFOPLIST_FILE = "Wallpaper-Manager-Info.plist";
				INFOPLIST_KEY_NSAppleEventsUsageDescription = "$(PRODUCT_NAME) needs to control System Events to set wallpapers.";
				INFOPLIST_KEY_NSHumanReadableCopyright = "";
				LD_RUNPATH_SEARCH_PATHS = (
					"$(inherited)",
					"@executable_path/../Frameworks",
				);
				MARKETING_VERSION = 1.0;
				PRODUCT_BUNDLE_IDENTIFIER = com.doorhingeapps.WallpaperManager;
				PRODUCT_NAME = "$(TARGET_NAME)";
				SWIFT_EMIT_LOC_STRINGS = YES;
				SWIFT_VERSION = 5.0;
			};
			name = Release;
		};
/* End XCBuildConfiguration section */

/* Begin XCConfigurationList section */
		B9E3BBC72D3DC59F0066CB51 /* Build configuration list for PBXProject "Wallpaper Manager" */ = {
			isa = XCConfigurationList;
			buildConfigurations = (
				B9E3BBD92D3DC5A00066CB51 /* Debug */,
				B9E3BBDA2D3DC5A00066CB51 /* Release */,
			);
			defaultConfigurationIsVisible = 0;
			defaultConfigurationName = Release;
		};
		B9E3BBDB2D3DC5A00066CB51 /* Build configuration list for PBXNativeTarget "Wallpaper Manager" */ = {
			isa = XCConfigurationList;
			buildConfigurations = (
				B9E3BBDC2D3DC5A00066CB51 /* Debug */,
				B9E3BBDD2D3DC5A00066CB51 /* Release */,
			);
			defaultConfigurationIsVisible = 0;
			defaultConfigurationName = Release;
		};
/* End XCConfigurationList section */

/* Begin XCRemoteSwiftPackageReference section */
		B99EDB2D2D813820000EA72E /* XCRemoteSwiftPackageReference "Swift-ColorsKit" */ = {
			isa = XCRemoteSwiftPackageReference;
			repositoryURL = "https://github.com/owlcoding/Swift-ColorsKit/";
			requirement = {
				branch = main;
				kind = branch;
			};
		};
/* End XCRemoteSwiftPackageReference section */

/* Begin XCSwiftPackageProductDependency section */
		B99EDB2E2D813820000EA72E /* ColorsKit */ = {
			isa = XCSwiftPackageProductDependency;
			package = B99EDB2D2D813820000EA72E /* XCRemoteSwiftPackageReference "Swift-ColorsKit" */;
			productName = ColorsKit;
		};
		B99EDB302D813820000EA72E /* Swift-ColorExtensions */ = {
			isa = XCSwiftPackageProductDependency;
			package = B99EDB2D2D813820000EA72E /* XCRemoteSwiftPackageReference "Swift-ColorsKit" */;
			productName = "Swift-ColorExtensions";
		};
		B99EDB322D813820000EA72E /* Swift-ColorPalettes */ = {
			isa = XCSwiftPackageProductDependency;
			package = B99EDB2D2D813820000EA72E /* XCRemoteSwiftPackageReference "Swift-ColorsKit" */;
			productName = "Swift-ColorPalettes";
		};
/* End XCSwiftPackageProductDependency section */
	};
	rootObject = B9E3BBC42D3DC59F0066CB51 /* Project object */;
}
